
Microsoft Visual Studio Solution File, Format Version 12.00
# Visual Studio 15
VisualStudioVersion = 15.0.27428.2027
MinimumVisualStudioVersion = 10.0.40219.1
Project("{FAE04EC0-301F-11D3-BF4B-00C04F79EFBC}") = "VibyBot.TelegramAPI", "VibyBot.TelegramAPI\VibyBot.TelegramAPI.csproj", "{221D98AA-D607-417B-A891-13FF37E8E8D2}"
EndProject
Project("{FAE04EC0-301F-11D3-BF4B-00C04F79EFBC}") = "VibyBot.Persistence", "VibyBot.Persistence\VibyBot.Persistence.csproj", "{5199D50E-6B00-4412-AA4E-A6677A17C50B}"
EndProject
Project("{FAE04EC0-301F-11D3-BF4B-00C04F79EFBC}") = "VibyBot.Control", "VibyBot.Control\VibyBot.Control.csproj", "{6A494B83-B43B-4680-8FC9-2F4B0E13A1E6}"
EndProject
Global
	GlobalSection(SolutionConfigurationPlatforms) = preSolution
		Debug|Any CPU = Debug|Any CPU
		Release|Any CPU = Release|Any CPU
	EndGlobalSection
	GlobalSection(ProjectConfigurationPlatforms) = postSolution
		{221D98AA-D607-417B-A891-13FF37E8E8D2}.Debug|Any CPU.ActiveCfg = Debug|Any CPU
		{221D98AA-D607-417B-A891-13FF37E8E8D2}.Debug|Any CPU.Build.0 = Debug|Any CPU
		{221D98AA-D607-417B-A891-13FF37E8E8D2}.Release|Any CPU.ActiveCfg = Release|Any CPU
		{221D98AA-D607-417B-A891-13FF37E8E8D2}.Release|Any CPU.Build.0 = Release|Any CPU
		{5199D50E-6B00-4412-AA4E-A6677A17C50B}.Debug|Any CPU.ActiveCfg = Debug|Any CPU
		{5199D50E-6B00-4412-AA4E-A6677A17C50B}.Debug|Any CPU.Build.0 = Debug|Any CPU
		{5199D50E-6B00-4412-AA4E-A6677A17C50B}.Release|Any CPU.ActiveCfg = Release|Any CPU
		{5199D50E-6B00-4412-AA4E-A6677A17C50B}.Release|Any CPU.Build.0 = Release|Any CPU
		{6A494B83-B43B-4680-8FC9-2F4B0E13A1E6}.Debug|Any CPU.ActiveCfg = Debug|Any CPU
		{6A494B83-B43B-4680-8FC9-2F4B0E13A1E6}.Debug|Any CPU.Build.0 = Debug|Any CPU
		{6A494B83-B43B-4680-8FC9-2F4B0E13A1E6}.Release|Any CPU.ActiveCfg = Release|Any CPU
		{6A494B83-B43B-4680-8FC9-2F4B0E13A1E6}.Release|Any CPU.Build.0 = Release|Any CPU
	EndGlobalSection
	GlobalSection(SolutionProperties) = preSolution
		HideSolutionNode = FALSE
	EndGlobalSection
	GlobalSection(ExtensibilityGlobals) = postSolution
		SolutionGuid = {6B89977B-2610-4D09-AECF-E8634648BFAB}
	EndGlobalSection
EndGlobal
